
Microsoft Visual Studio Solution File, Format Version 12.00
# Visual Studio Version 17
VisualStudioVersion = 17.0.31717.71
MinimumVisualStudioVersion = 10.0.40219.1
Project("{9A19103F-16F7-4668-BE54-9A1E7A4F7556}") = "ProjectTalon.App", "ProjectTalon.App\ProjectTalon.App.csproj", "{0908A6E1-5B41-4CE7-A3DD-548C28091B6F}"
EndProject
Project("{9A19103F-16F7-4668-BE54-9A1E7A4F7556}") = "ProjectTalon.Api", "ProjectTalon.Api\ProjectTalon.Api.csproj", "{F3E00A6E-7F35-4460-8AFD-F86D7D99AC15}"
EndProject
Project("{9A19103F-16F7-4668-BE54-9A1E7A4F7556}") = "ProjectTalon.Core", "ProjectTalon.Core\ProjectTalon.Core.csproj", "{F13EBAEC-9597-497C-90AA-7BEC19BB1E04}"
EndProject
Project("{FAE04EC0-301F-11D3-BF4B-00C04F79EFBC}") = "ProjectTalon.UI", "ProjectTalon.UI\ProjectTalon.UI.csproj", "{F25CD20A-4403-41C3-B376-C0B47B37DF25}"
EndProject
Global
	GlobalSection(SolutionConfigurationPlatforms) = preSolution
		Debug|Any CPU = Debug|Any CPU
		Debug|x64 = Debug|x64
		Release|Any CPU = Release|Any CPU
		Release|x64 = Release|x64
	EndGlobalSection
	GlobalSection(ProjectConfigurationPlatforms) = postSolution
		{0908A6E1-5B41-4CE7-A3DD-548C28091B6F}.Debug|Any CPU.ActiveCfg = Debug|Any CPU
		{0908A6E1-5B41-4CE7-A3DD-548C28091B6F}.Debug|Any CPU.Build.0 = Debug|Any CPU
		{0908A6E1-5B41-4CE7-A3DD-548C28091B6F}.Debug|Any CPU.Deploy.0 = Debug|Any CPU
		{0908A6E1-5B41-4CE7-A3DD-548C28091B6F}.Debug|x64.ActiveCfg = Debug|x64
		{0908A6E1-5B41-4CE7-A3DD-548C28091B6F}.Debug|x64.Build.0 = Debug|x64
		{0908A6E1-5B41-4CE7-A3DD-548C28091B6F}.Debug|x64.Deploy.0 = Debug|x64
		{0908A6E1-5B41-4CE7-A3DD-548C28091B6F}.Release|Any CPU.ActiveCfg = Release|Any CPU
		{0908A6E1-5B41-4CE7-A3DD-548C28091B6F}.Release|Any CPU.Build.0 = Release|Any CPU
		{0908A6E1-5B41-4CE7-A3DD-548C28091B6F}.Release|x64.ActiveCfg = Release|x64
		{0908A6E1-5B41-4CE7-A3DD-548C28091B6F}.Release|x64.Build.0 = Release|x64
		{0908A6E1-5B41-4CE7-A3DD-548C28091B6F}.Release|x64.Deploy.0 = Release|x64
		{F3E00A6E-7F35-4460-8AFD-F86D7D99AC15}.Debug|Any CPU.ActiveCfg = Debug|Any CPU
		{F3E00A6E-7F35-4460-8AFD-F86D7D99AC15}.Debug|Any CPU.Build.0 = Debug|Any CPU
		{F3E00A6E-7F35-4460-8AFD-F86D7D99AC15}.Debug|x64.ActiveCfg = Debug|Any CPU
		{F3E00A6E-7F35-4460-8AFD-F86D7D99AC15}.Debug|x64.Build.0 = Debug|Any CPU
		{F3E00A6E-7F35-4460-8AFD-F86D7D99AC15}.Release|Any CPU.ActiveCfg = Release|Any CPU
		{F3E00A6E-7F35-4460-8AFD-F86D7D99AC15}.Release|Any CPU.Build.0 = Release|Any CPU
		{F3E00A6E-7F35-4460-8AFD-F86D7D99AC15}.Release|x64.ActiveCfg = Release|Any CPU
		{F3E00A6E-7F35-4460-8AFD-F86D7D99AC15}.Release|x64.Build.0 = Release|Any CPU
		{F13EBAEC-9597-497C-90AA-7BEC19BB1E04}.Debug|Any CPU.ActiveCfg = Debug|Any CPU
		{F13EBAEC-9597-497C-90AA-7BEC19BB1E04}.Debug|Any CPU.Build.0 = Debug|Any CPU
		{F13EBAEC-9597-497C-90AA-7BEC19BB1E04}.Debug|x64.ActiveCfg = Debug|Any CPU
		{F13EBAEC-9597-497C-90AA-7BEC19BB1E04}.Debug|x64.Build.0 = Debug|Any CPU
		{F13EBAEC-9597-497C-90AA-7BEC19BB1E04}.Release|Any CPU.ActiveCfg = Release|Any CPU
		{F13EBAEC-9597-497C-90AA-7BEC19BB1E04}.Release|Any CPU.Build.0 = Release|Any CPU
		{F13EBAEC-9597-497C-90AA-7BEC19BB1E04}.Release|x64.ActiveCfg = Release|Any CPU
		{F13EBAEC-9597-497C-90AA-7BEC19BB1E04}.Release|x64.Build.0 = Release|Any CPU
		{F25CD20A-4403-41C3-B376-C0B47B37DF25}.Debug|Any CPU.ActiveCfg = Debug|Any CPU
		{F25CD20A-4403-41C3-B376-C0B47B37DF25}.Debug|Any CPU.Build.0 = Debug|Any CPU
		{F25CD20A-4403-41C3-B376-C0B47B37DF25}.Debug|x64.ActiveCfg = Debug|Any CPU
		{F25CD20A-4403-41C3-B376-C0B47B37DF25}.Debug|x64.Build.0 = Debug|Any CPU
		{F25CD20A-4403-41C3-B376-C0B47B37DF25}.Release|Any CPU.ActiveCfg = Release|Any CPU
		{F25CD20A-4403-41C3-B376-C0B47B37DF25}.Release|Any CPU.Build.0 = Release|Any CPU
		{F25CD20A-4403-41C3-B376-C0B47B37DF25}.Release|x64.ActiveCfg = Release|Any CPU
		{F25CD20A-4403-41C3-B376-C0B47B37DF25}.Release|x64.Build.0 = Release|Any CPU
	EndGlobalSection
	GlobalSection(SolutionProperties) = preSolution
		HideSolutionNode = FALSE
	EndGlobalSection
	GlobalSection(ExtensibilityGlobals) = postSolution
		SolutionGuid = {313E8D31-CA60-425B-B337-CB0EF9D2C508}
	EndGlobalSection
EndGlobal
